
Microsoft Visual Studio Solution File, Format Version 12.00
# Visual Studio Version 16
VisualStudioVersion = 16.0.30330.147
MinimumVisualStudioVersion = 10.0.40219.1
Project("{FAE04EC0-301F-11D3-BF4B-00C04F79EFBC}") = "WebApplication6", "WebApplication6\WebApplication6.csproj", "{D79C93C0-AE10-4FB3-A384-1B3EA2041105}"
EndProject
Global
	GlobalSection(SolutionConfigurationPlatforms) = preSolution
		Debug|Any CPU = Debug|Any CPU
		Release|Any CPU = Release|Any CPU
	EndGlobalSection
	GlobalSection(ProjectConfigurationPlatforms) = postSolution
		{D79C93C0-AE10-4FB3-A384-1B3EA2041105}.Debug|Any CPU.ActiveCfg = Debug|Any CPU
		{D79C93C0-AE10-4FB3-A384-1B3EA2041105}.Debug|Any CPU.Build.0 = Debug|Any CPU
		{D79C93C0-AE10-4FB3-A384-1B3EA2041105}.Release|Any CPU.ActiveCfg = Release|Any CPU
		{D79C93C0-AE10-4FB3-A384-1B3EA2041105}.Release|Any CPU.Build.0 = Release|Any CPU
	EndGlobalSection
	GlobalSection(SolutionProperties) = preSolution
		HideSolutionNode = FALSE
	EndGlobalSection
	GlobalSection(ExtensibilityGlobals) = postSolution
		SolutionGuid = {5C2D45A0-D8F2-4512-B6AD-9C8A871D6F08}
	EndGlobalSection
EndGlobal
